<Solution>
  <Folder Name="/build/">
    <File Path=".editorconfig" />
    <File Path=".gitignore" />
    <File Path="AGENTS.md" />
    <File Path="cleanup_code.sh" />
    <File Path="CODESTYLE.md" />
    <File Path="Directory.Build.props" />
    <File Path="Directory.Packages.props" />
    <File Path="global.json" />
    <File Path="inspect_code.sh" />
    <File Path="LICENSE" />
    <File Path="nuget.config" />
  </Folder>
  <Folder Name="/src/">
    <File Path="src\AGENTS.md" />
    <File Path="src\Directory.Build.props" />
  </Folder>
  <Folder Name="/tests/">
    <File Path="tests\AGENTS.md" />
    <File Path="tests\Directory.Build.props" />
  </Folder>
</Solution>
